
Microsoft Visual Studio Solution File, Format Version 12.00
# Visual Studio Version 17
VisualStudioVersion = 17.10.34916.146
MinimumVisualStudioVersion = 10.0.40219.1
Project("{FAE04EC0-301F-11D3-BF4B-00C04F79EFBC}") = "Consumos Sermopetrol", "Consumos Sermopetrol.csproj", "{F76F5071-7B78-423E-8897-40C377252799}"
EndProject
Global
	GlobalSection(SolutionConfigurationPlatforms) = preSolution
		Debug|Any CPU = Debug|Any CPU
		Release|Any CPU = Release|Any CPU
	EndGlobalSection
	GlobalSection(ProjectConfigurationPlatforms) = postSolution
		{F76F5071-7B78-423E-8897-40C377252799}.Debug|Any CPU.ActiveCfg = Debug|Any CPU
		{F76F5071-7B78-423E-8897-40C377252799}.Debug|Any CPU.Build.0 = Debug|Any CPU
		{F76F5071-7B78-423E-8897-40C377252799}.Release|Any CPU.ActiveCfg = Release|Any CPU
		{F76F5071-7B78-423E-8897-40C377252799}.Release|Any CPU.Build.0 = Release|Any CPU
	EndGlobalSection
	GlobalSection(SolutionProperties) = preSolution
		HideSolutionNode = FALSE
	EndGlobalSection
	GlobalSection(ExtensibilityGlobals) = postSolution
		SolutionGuid = {6AD0FCE7-1B85-4ED9-AC03-F8403C933578}
	EndGlobalSection
EndGlobal
